{
  "pins" : [
    {
      "identity" : "bluesignals",
      "kind" : "remoteSourceControl",
      "location" : "https://github.com/IBM-Swift/BlueSignals.git",
      "state" : {
        "revision" : "a5ce52795af4d91b3ff5dfb484ee3e45d9ed3d44",
        "version" : "2.1.1"
      }
    },
    {
      "identity" : "rainbow",
      "kind" : "remoteSourceControl",
      "location" : "https://github.com/onevcat/Rainbow",
      "state" : {
        "revision" : "e0dada9cd44e3fa7ec3b867e49a8ddbf543e3df3",
        "version" : "4.0.1"
      }
    }
  ],
  "version" : 2
}
